
Microsoft Visual Studio Solution File, Format Version 12.00
# Visual Studio Version 17
VisualStudioVersion = 17.0.31903.59
MinimumVisualStudioVersion = 10.0.40219.1
Project("{2150E333-8FDC-42A3-9474-1A3956D46DE8}") = "src", "src", "{827E0CD3-B72D-47B6-A68D-7590B98EB39B}"
EndProject
Project("{FAE04EC0-301F-11D3-BF4B-00C04F79EFBC}") = "10xdevs.Domain", "src\10xdevs.Domain\10xdevs.Domain.csproj", "{09FC566B-23C0-4A15-A6EC-465BBE1E7A26}"
EndProject
Project("{FAE04EC0-301F-11D3-BF4B-00C04F79EFBC}") = "10xdevs.Application", "src\10xdevs.Application\10xdevs.Application.csproj", "{457EB670-7826-4F72-9378-046A5395B7B7}"
EndProject
Project("{FAE04EC0-301F-11D3-BF4B-00C04F79EFBC}") = "10xdevs.Infrastructure", "src\10xdevs.Infrastructure\10xdevs.Infrastructure.csproj", "{6624FB53-430A-4342-A767-98742B27461C}"
EndProject
Project("{FAE04EC0-301F-11D3-BF4B-00C04F79EFBC}") = "10xdevs.Api", "src\10xdevs.Api\10xdevs.Api.csproj", "{F8C8AF7E-0B60-473B-BF0C-22D1BF25B5DD}"
EndProject
Project("{2150E333-8FDC-42A3-9474-1A3956D46DE8}") = "tests", "tests", "{0AB3BF05-4346-4AA6-1389-037BE0695223}"
EndProject
Project("{FAE04EC0-301F-11D3-BF4B-00C04F79EFBC}") = "10xdevs.Domain.Tests", "tests\10xdevs.Domain.Tests\10xdevs.Domain.Tests.csproj", "{7DBECADB-B6B5-47F4-BB42-5C674C1D93D5}"
EndProject
Project("{FAE04EC0-301F-11D3-BF4B-00C04F79EFBC}") = "10xdevs.Application.Tests", "tests\10xdevs.Application.Tests\10xdevs.Application.Tests.csproj", "{D94AEEB8-11BA-4A85-BAA1-1D481462FFDB}"
EndProject
Project("{FAE04EC0-301F-11D3-BF4B-00C04F79EFBC}") = "10xdevs.Infrastructure.Tests", "tests\10xdevs.Infrastructure.Tests\10xdevs.Infrastructure.Tests.csproj", "{34D6E037-3413-4B87-AA02-21415A2AA57B}"
EndProject
Global
	GlobalSection(SolutionConfigurationPlatforms) = preSolution
		Debug|Any CPU = Debug|Any CPU
		Debug|x64 = Debug|x64
		Debug|x86 = Debug|x86
		Release|Any CPU = Release|Any CPU
		Release|x64 = Release|x64
		Release|x86 = Release|x86
	EndGlobalSection
	GlobalSection(ProjectConfigurationPlatforms) = postSolution
		{09FC566B-23C0-4A15-A6EC-465BBE1E7A26}.Debug|Any CPU.ActiveCfg = Debug|Any CPU
		{09FC566B-23C0-4A15-A6EC-465BBE1E7A26}.Debug|Any CPU.Build.0 = Debug|Any CPU
		{09FC566B-23C0-4A15-A6EC-465BBE1E7A26}.Debug|x64.ActiveCfg = Debug|Any CPU
		{09FC566B-23C0-4A15-A6EC-465BBE1E7A26}.Debug|x64.Build.0 = Debug|Any CPU
		{09FC566B-23C0-4A15-A6EC-465BBE1E7A26}.Debug|x86.ActiveCfg = Debug|Any CPU
		{09FC566B-23C0-4A15-A6EC-465BBE1E7A26}.Debug|x86.Build.0 = Debug|Any CPU
		{09FC566B-23C0-4A15-A6EC-465BBE1E7A26}.Release|Any CPU.ActiveCfg = Release|Any CPU
		{09FC566B-23C0-4A15-A6EC-465BBE1E7A26}.Release|Any CPU.Build.0 = Release|Any CPU
		{09FC566B-23C0-4A15-A6EC-465BBE1E7A26}.Release|x64.ActiveCfg = Release|Any CPU
		{09FC566B-23C0-4A15-A6EC-465BBE1E7A26}.Release|x64.Build.0 = Release|Any CPU
		{09FC566B-23C0-4A15-A6EC-465BBE1E7A26}.Release|x86.ActiveCfg = Release|Any CPU
		{09FC566B-23C0-4A15-A6EC-465BBE1E7A26}.Release|x86.Build.0 = Release|Any CPU
		{457EB670-7826-4F72-9378-046A5395B7B7}.Debug|Any CPU.ActiveCfg = Debug|Any CPU
		{457EB670-7826-4F72-9378-046A5395B7B7}.Debug|Any CPU.Build.0 = Debug|Any CPU
		{457EB670-7826-4F72-9378-046A5395B7B7}.Debug|x64.ActiveCfg = Debug|Any CPU
		{457EB670-7826-4F72-9378-046A5395B7B7}.Debug|x64.Build.0 = Debug|Any CPU
		{457EB670-7826-4F72-9378-046A5395B7B7}.Debug|x86.ActiveCfg = Debug|Any CPU
		{457EB670-7826-4F72-9378-046A5395B7B7}.Debug|x86.Build.0 = Debug|Any CPU
		{457EB670-7826-4F72-9378-046A5395B7B7}.Release|Any CPU.ActiveCfg = Release|Any CPU
		{457EB670-7826-4F72-9378-046A5395B7B7}.Release|Any CPU.Build.0 = Release|Any CPU
		{457EB670-7826-4F72-9378-046A5395B7B7}.Release|x64.ActiveCfg = Release|Any CPU
		{457EB670-7826-4F72-9378-046A5395B7B7}.Release|x64.Build.0 = Release|Any CPU
		{457EB670-7826-4F72-9378-046A5395B7B7}.Release|x86.ActiveCfg = Release|Any CPU
		{457EB670-7826-4F72-9378-046A5395B7B7}.Release|x86.Build.0 = Release|Any CPU
		{6624FB53-430A-4342-A767-98742B27461C}.Debug|Any CPU.ActiveCfg = Debug|Any CPU
		{6624FB53-430A-4342-A767-98742B27461C}.Debug|Any CPU.Build.0 = Debug|Any CPU
		{6624FB53-430A-4342-A767-98742B27461C}.Debug|x64.ActiveCfg = Debug|Any CPU
		{6624FB53-430A-4342-A767-98742B27461C}.Debug|x64.Build.0 = Debug|Any CPU
		{6624FB53-430A-4342-A767-98742B27461C}.Debug|x86.ActiveCfg = Debug|Any CPU
		{6624FB53-430A-4342-A767-98742B27461C}.Debug|x86.Build.0 = Debug|Any CPU
		{6624FB53-430A-4342-A767-98742B27461C}.Release|Any CPU.ActiveCfg = Release|Any CPU
		{6624FB53-430A-4342-A767-98742B27461C}.Release|Any CPU.Build.0 = Release|Any CPU
		{6624FB53-430A-4342-A767-98742B27461C}.Release|x64.ActiveCfg = Release|Any CPU
		{6624FB53-430A-4342-A767-98742B27461C}.Release|x64.Build.0 = Release|Any CPU
		{6624FB53-430A-4342-A767-98742B27461C}.Release|x86.ActiveCfg = Release|Any CPU
		{6624FB53-430A-4342-A767-98742B27461C}.Release|x86.Build.0 = Release|Any CPU
		{F8C8AF7E-0B60-473B-BF0C-22D1BF25B5DD}.Debug|Any CPU.ActiveCfg = Debug|Any CPU
		{F8C8AF7E-0B60-473B-BF0C-22D1BF25B5DD}.Debug|Any CPU.Build.0 = Debug|Any CPU
		{F8C8AF7E-0B60-473B-BF0C-22D1BF25B5DD}.Debug|x64.ActiveCfg = Debug|Any CPU
		{F8C8AF7E-0B60-473B-BF0C-22D1BF25B5DD}.Debug|x64.Build.0 = Debug|Any CPU
		{F8C8AF7E-0B60-473B-BF0C-22D1BF25B5DD}.Debug|x86.ActiveCfg = Debug|Any CPU
		{F8C8AF7E-0B60-473B-BF0C-22D1BF25B5DD}.Debug|x86.Build.0 = Debug|Any CPU
		{F8C8AF7E-0B60-473B-BF0C-22D1BF25B5DD}.Release|Any CPU.ActiveCfg = Release|Any CPU
		{F8C8AF7E-0B60-473B-BF0C-22D1BF25B5DD}.Release|Any CPU.Build.0 = Release|Any CPU
		{F8C8AF7E-0B60-473B-BF0C-22D1BF25B5DD}.Release|x64.ActiveCfg = Release|Any CPU
		{F8C8AF7E-0B60-473B-BF0C-22D1BF25B5DD}.Release|x64.Build.0 = Release|Any CPU
		{F8C8AF7E-0B60-473B-BF0C-22D1BF25B5DD}.Release|x86.ActiveCfg = Release|Any CPU
		{F8C8AF7E-0B60-473B-BF0C-22D1BF25B5DD}.Release|x86.Build.0 = Release|Any CPU
		{7DBECADB-B6B5-47F4-BB42-5C674C1D93D5}.Debug|Any CPU.ActiveCfg = Debug|Any CPU
		{7DBECADB-B6B5-47F4-BB42-5C674C1D93D5}.Debug|Any CPU.Build.0 = Debug|Any CPU
		{7DBECADB-B6B5-47F4-BB42-5C674C1D93D5}.Debug|x64.ActiveCfg = Debug|Any CPU
		{7DBECADB-B6B5-47F4-BB42-5C674C1D93D5}.Debug|x64.Build.0 = Debug|Any CPU
		{7DBECADB-B6B5-47F4-BB42-5C674C1D93D5}.Debug|x86.ActiveCfg = Debug|Any CPU
		{7DBECADB-B6B5-47F4-BB42-5C674C1D93D5}.Debug|x86.Build.0 = Debug|Any CPU
		{7DBECADB-B6B5-47F4-BB42-5C674C1D93D5}.Release|Any CPU.ActiveCfg = Release|Any CPU
		{7DBECADB-B6B5-47F4-BB42-5C674C1D93D5}.Release|Any CPU.Build.0 = Release|Any CPU
		{7DBECADB-B6B5-47F4-BB42-5C674C1D93D5}.Release|x64.ActiveCfg = Release|Any CPU
		{7DBECADB-B6B5-47F4-BB42-5C674C1D93D5}.Release|x64.Build.0 = Release|Any CPU
		{7DBECADB-B6B5-47F4-BB42-5C674C1D93D5}.Release|x86.ActiveCfg = Release|Any CPU
		{7DBECADB-B6B5-47F4-BB42-5C674C1D93D5}.Release|x86.Build.0 = Release|Any CPU
		{D94AEEB8-11BA-4A85-BAA1-1D481462FFDB}.Debug|Any CPU.ActiveCfg = Debug|Any CPU
		{D94AEEB8-11BA-4A85-BAA1-1D481462FFDB}.Debug|Any CPU.Build.0 = Debug|Any CPU
		{D94AEEB8-11BA-4A85-BAA1-1D481462FFDB}.Debug|x64.ActiveCfg = Debug|Any CPU
		{D94AEEB8-11BA-4A85-BAA1-1D481462FFDB}.Debug|x64.Build.0 = Debug|Any CPU
		{D94AEEB8-11BA-4A85-BAA1-1D481462FFDB}.Debug|x86.ActiveCfg = Debug|Any CPU
		{D94AEEB8-11BA-4A85-BAA1-1D481462FFDB}.Debug|x86.Build.0 = Debug|Any CPU
		{D94AEEB8-11BA-4A85-BAA1-1D481462FFDB}.Release|Any CPU.ActiveCfg = Release|Any CPU
		{D94AEEB8-11BA-4A85-BAA1-1D481462FFDB}.Release|Any CPU.Build.0 = Release|Any CPU
		{D94AEEB8-11BA-4A85-BAA1-1D481462FFDB}.Release|x64.ActiveCfg = Release|Any CPU
		{D94AEEB8-11BA-4A85-BAA1-1D481462FFDB}.Release|x64.Build.0 = Release|Any CPU
		{D94AEEB8-11BA-4A85-BAA1-1D481462FFDB}.Release|x86.ActiveCfg = Release|Any CPU
		{D94AEEB8-11BA-4A85-BAA1-1D481462FFDB}.Release|x86.Build.0 = Release|Any CPU
		{34D6E037-3413-4B87-AA02-21415A2AA57B}.Debug|Any CPU.ActiveCfg = Debug|Any CPU
		{34D6E037-3413-4B87-AA02-21415A2AA57B}.Debug|Any CPU.Build.0 = Debug|Any CPU
		{34D6E037-3413-4B87-AA02-21415A2AA57B}.Debug|x64.ActiveCfg = Debug|Any CPU
		{34D6E037-3413-4B87-AA02-21415A2AA57B}.Debug|x64.Build.0 = Debug|Any CPU
		{34D6E037-3413-4B87-AA02-21415A2AA57B}.Debug|x86.ActiveCfg = Debug|Any CPU
		{34D6E037-3413-4B87-AA02-21415A2AA57B}.Debug|x86.Build.0 = Debug|Any CPU
		{34D6E037-3413-4B87-AA02-21415A2AA57B}.Release|Any CPU.ActiveCfg = Release|Any CPU
		{34D6E037-3413-4B87-AA02-21415A2AA57B}.Release|Any CPU.Build.0 = Release|Any CPU
		{34D6E037-3413-4B87-AA02-21415A2AA57B}.Release|x64.ActiveCfg = Release|Any CPU
		{34D6E037-3413-4B87-AA02-21415A2AA57B}.Release|x64.Build.0 = Release|Any CPU
		{34D6E037-3413-4B87-AA02-21415A2AA57B}.Release|x86.ActiveCfg = Release|Any CPU
		{34D6E037-3413-4B87-AA02-21415A2AA57B}.Release|x86.Build.0 = Release|Any CPU
	EndGlobalSection
	GlobalSection(SolutionProperties) = preSolution
		HideSolutionNode = FALSE
	EndGlobalSection
	GlobalSection(NestedProjects) = preSolution
		{09FC566B-23C0-4A15-A6EC-465BBE1E7A26} = {827E0CD3-B72D-47B6-A68D-7590B98EB39B}
		{457EB670-7826-4F72-9378-046A5395B7B7} = {827E0CD3-B72D-47B6-A68D-7590B98EB39B}
		{6624FB53-430A-4342-A767-98742B27461C} = {827E0CD3-B72D-47B6-A68D-7590B98EB39B}
		{F8C8AF7E-0B60-473B-BF0C-22D1BF25B5DD} = {827E0CD3-B72D-47B6-A68D-7590B98EB39B}
		{7DBECADB-B6B5-47F4-BB42-5C674C1D93D5} = {0AB3BF05-4346-4AA6-1389-037BE0695223}
		{D94AEEB8-11BA-4A85-BAA1-1D481462FFDB} = {0AB3BF05-4346-4AA6-1389-037BE0695223}
		{34D6E037-3413-4B87-AA02-21415A2AA57B} = {0AB3BF05-4346-4AA6-1389-037BE0695223}
	EndGlobalSection
EndGlobal
